
Microsoft Visual Studio Solution File, Format Version 12.00
# Visual Studio Version 17
VisualStudioVersion = 17.5.33414.496
MinimumVisualStudioVersion = 10.0.40219.1
Project("{9A19103F-16F7-4668-BE54-9A1E7A4F7556}") = "OpenGL", "OpenGL\OpenGL.csproj", "{CF43389F-F6BD-424B-8B3B-78629575627A}"
EndProject
Global
	GlobalSection(SolutionConfigurationPlatforms) = preSolution
		Debug|Any CPU = Debug|Any CPU
		Debug|x64 = Debug|x64
		Release|Any CPU = Release|Any CPU
		Release|x64 = Release|x64
	EndGlobalSection
	GlobalSection(ProjectConfigurationPlatforms) = postSolution
		{CF43389F-F6BD-424B-8B3B-78629575627A}.Debug|Any CPU.ActiveCfg = Debug|Any CPU
		{CF43389F-F6BD-424B-8B3B-78629575627A}.Debug|Any CPU.Build.0 = Debug|Any CPU
		{CF43389F-F6BD-424B-8B3B-78629575627A}.Debug|x64.ActiveCfg = Debug|x64
		{CF43389F-F6BD-424B-8B3B-78629575627A}.Debug|x64.Build.0 = Debug|x64
		{CF43389F-F6BD-424B-8B3B-78629575627A}.Release|Any CPU.ActiveCfg = Release|Any CPU
		{CF43389F-F6BD-424B-8B3B-78629575627A}.Release|Any CPU.Build.0 = Release|Any CPU
		{CF43389F-F6BD-424B-8B3B-78629575627A}.Release|x64.ActiveCfg = Release|x64
		{CF43389F-F6BD-424B-8B3B-78629575627A}.Release|x64.Build.0 = Release|x64
	EndGlobalSection
	GlobalSection(SolutionProperties) = preSolution
		HideSolutionNode = FALSE
	EndGlobalSection
	GlobalSection(ExtensibilityGlobals) = postSolution
		SolutionGuid = {8A073A86-383B-4813-B72E-CDD3155BC13F}
	EndGlobalSection
EndGlobal
